PODS:
  - AFNetworking (3.1.0):
    - AFNetworking/NSURLSession (= 3.1.0)
    - AFNetworking/Reachability (= 3.1.0)
    - AFNetworking/Security (= 3.1.0)
    - AFNetworking/Serialization (= 3.1.0)
    - AFNetworking/UIKit (= 3.1.0)
  - AFNetworking/NSURLSession (3.1.0):
    - AFNetworking/Reachability
    - AFNetworking/Security
    - AFNetworking/Serialization
  - AFNetworking/Reachability (3.1.0)
  - AFNetworking/Security (3.1.0)
  - AFNetworking/Serialization (3.1.0)
  - AFNetworking/UIKit (3.1.0):
    - AFNetworking/NSURLSession
  - Bolts/Tasks (1.8.3)
  - GCDKit (1.2.5)
  - HanekeSwift (0.10.1)
  - MagicalRecord (2.3.2):
    - MagicalRecord/Core (= 2.3.2)
  - MagicalRecord/Core (2.3.2)
  - Parse (1.13.0):
    - Bolts/Tasks (~> 1.6)

DEPENDENCIES:
  - AFNetworking
  - GCDKit
  - HanekeSwift
  - MagicalRecord
  - Parse

SPEC CHECKSUMS:
  AFNetworking: 5e0e199f73d8626b11e79750991f5d173d1f8b67
  Bolts: 52551f96df2f8aac6b4414347f3f8353a39f1966
  GCDKit: ed6646fcf761ff139162aaac518b9ec1fb7aa720
  HanekeSwift: 08e47d3d0f2899ec58e5d257beba0de619aca9e8
  MagicalRecord: 53bed74b4323b930992a725be713e53b37d19755
  Parse: f51c24d2feb412e4b2d6cc73d37cb24e8d0089bc

PODFILE CHECKSUM: e0fe78e02a5c5f02adcb105d3c9268769c9c1643

COCOAPODS: 1.0.0
