// !$*UTF8*$!
{
	archiveVersion = 1;
	classes = {
	};
	objectVersion = 46;
	objects = {

/* Begin PBXBuildFile section */
		55B6EF5BDB80B7E328B8C3B2 /* Pods_Routify.framework in Frameworks */ = {isa = PBXBuildFile; fileRef = 32C575CADBAE14735140546B /* Pods_Routify.framework */; };
		695858811D91161900ABBE25 /* AppDelegate.swift in Sources */ = {isa = PBXBuildFile; fileRef = 695858801D91161900ABBE25 /* AppDelegate.swift */; };
		695858831D91161900ABBE25 /* ViewController.swift in Sources */ = {isa = PBXBuildFile; fileRef = 695858821D91161900ABBE25 /* ViewController.swift */; };
		695858861D91161900ABBE25 /* Main.storyboard in Resources */ = {isa = PBXBuildFile; fileRef = 695858841D91161900ABBE25 /* Main.storyboard */; };
		695858891D91161900ABBE25 /* Routify.xcdatamodeld in Sources */ = {isa = PBXBuildFile; fileRef = 695858871D91161900ABBE25 /* Routify.xcdatamodeld */; };
		6958588B1D91161900ABBE25 /* Assets.xcassets in Resources */ = {isa = PBXBuildFile; fileRef = 6958588A1D91161900ABBE25 /* Assets.xcassets */; };
		6958588E1D91161900ABBE25 /* LaunchScreen.storyboard in Resources */ = {isa = PBXBuildFile; fileRef = 6958588C1D91161900ABBE25 /* LaunchScreen.storyboard */; };
		699EAA3A1D9129E5005B8327 /* LaunchScreen.storyboard in Resources */ = {isa = PBXBuildFile; fileRef = 699EAA311D9129E5005B8327 /* LaunchScreen.storyboard */; };
		699EAA3B1D9129E5005B8327 /* Main.storyboard in Resources */ = {isa = PBXBuildFile; fileRef = 699EAA331D9129E5005B8327 /* Main.storyboard */; };
		699EAB1A1D915046005B8327 /* RFNavigationBar.swift in Sources */ = {isa = PBXBuildFile; fileRef = 699EAB191D915046005B8327 /* RFNavigationBar.swift */; };
/* End PBXBuildFile section */

/* Begin PBXFileReference section */
		220C6643F4354114953ADD53 /* Pods-Routify.release.xcconfig */ = {isa = PBXFileReference; includeInIndex = 1; lastKnownFileType = text.xcconfig; name = "Pods-Routify.release.xcconfig"; path = "Pods/Target Support Files/Pods-Routify/Pods-Routify.release.xcconfig"; sourceTree = "<group>"; };
		32C575CADBAE14735140546B /* Pods_Routify.framework */ = {isa = PBXFileReference; explicitFileType = wrapper.framework; includeInIndex = 0; path = Pods_Routify.framework; sourceTree = BUILT_PRODUCTS_DIR; };
		6958587D1D91161900ABBE25 /* Routify.app */ = {isa = PBXFileReference; explicitFileType = wrapper.application; includeInIndex = 0; path = Routify.app; sourceTree = BUILT_PRODUCTS_DIR; };
		695858801D91161900ABBE25 /* AppDelegate.swift */ = {isa = PBXFileReference; lastKnownFileType = sourcecode.swift; path = AppDelegate.swift; sourceTree = "<group>"; };
		695858821D91161900ABBE25 /* ViewController.swift */ = {isa = PBXFileReference; lastKnownFileType = sourcecode.swift; path = ViewController.swift; sourceTree = "<group>"; };
		695858851D91161900ABBE25 /* Base */ = {isa = PBXFileReference; lastKnownFileType = file.storyboard; name = Base; path = Base.lproj/Main.storyboard; sourceTree = "<group>"; };
		695858881D91161900ABBE25 /* Routify.xcdatamodel */ = {isa = PBXFileReference; lastKnownFileType = wrapper.xcdatamodel; path = Routify.xcdatamodel; sourceTree = "<group>"; };
		6958588A1D91161900ABBE25 /* Assets.xcassets */ = {isa = PBXFileReference; lastKnownFileType = folder.assetcatalog; path = Assets.xcassets; sourceTree = "<group>"; };
		6958588D1D91161900ABBE25 /* Base */ = {isa = PBXFileReference; lastKnownFileType = file.storyboard; name = Base; path = Base.lproj/LaunchScreen.storyboard; sourceTree = "<group>"; };
		6958588F1D91161900ABBE25 /* Info.plist */ = {isa = PBXFileReference; lastKnownFileType = text.plist.xml; path = Info.plist; sourceTree = "<group>"; };
		699EAA321D9129E5005B8327 /* Base */ = {isa = PBXFileReference; lastKnownFileType = file.storyboard; name = Base; path = LaunchScreen.storyboard; sourceTree = "<group>"; };
		699EAA341D9129E5005B8327 /* Base */ = {isa = PBXFileReference; lastKnownFileType = file.storyboard; name = Base; path = Main.storyboard; sourceTree = "<group>"; };
		699EAB191D915046005B8327 /* RFNavigationBar.swift */ = {isa = PBXFileReference; fileEncoding = 4; lastKnownFileType = sourcecode.swift; path = RFNavigationBar.swift; sourceTree = "<group>"; };
		97844B21F0E8A14A8624DD22 /* Pods-Routify.debug.xcconfig */ = {isa = PBXFileReference; includeInIndex = 1; lastKnownFileType = text.xcconfig; name = "Pods-Routify.debug.xcconfig"; path = "Pods/Target Support Files/Pods-Routify/Pods-Routify.debug.xcconfig"; sourceTree = "<group>"; };
/* End PBXFileReference section */

/* Begin PBXFrameworksBuildPhase section */
		6958587A1D91161900ABBE25 /* Frameworks */ = {
			isa = PBXFrameworksBuildPhase;
			buildActionMask = 2147483647;
			files = (
				55B6EF5BDB80B7E328B8C3B2 /* Pods_Routify.framework in Frameworks */,
			);
			runOnlyForDeploymentPostprocessing = 0;
		};
/* End PBXFrameworksBuildPhase section */

/* Begin PBXGroup section */
		4497E29B746572348D056E36 /* Pods */ = {
			isa = PBXGroup;
			children = (
				97844B21F0E8A14A8624DD22 /* Pods-Routify.debug.xcconfig */,
				220C6643F4354114953ADD53 /* Pods-Routify.release.xcconfig */,
			);
			name = Pods;
			sourceTree = "<group>";
		};
		695858741D91161900ABBE25 = {
			isa = PBXGroup;
			children = (
				6958587F1D91161900ABBE25 /* Routify */,
				6958587E1D91161900ABBE25 /* Products */,
				4497E29B746572348D056E36 /* Pods */,
				7F0AC1C7FBDA29EA7160CAEF /* Frameworks */,
			);
			sourceTree = "<group>";
		};
		6958587E1D91161900ABBE25 /* Products */ = {
			isa = PBXGroup;
			children = (
				6958587D1D91161900ABBE25 /* Routify.app */,
			);
			name = Products;
			sourceTree = "<group>";
		};
		6958587F1D91161900ABBE25 /* Routify */ = {
			isa = PBXGroup;
			children = (
				699EAA301D9129E5005B8327 /* Base.lproj */,
				699EAA351D9129E5005B8327 /* CustomClass */,
				699EAA361D9129E5005B8327 /* Managers */,
				699EAA371D9129E5005B8327 /* Models */,
				699EAA381D9129E5005B8327 /* OpenLibs */,
				699EAA391D9129E5005B8327 /* ViewControllers */,
				695858801D91161900ABBE25 /* AppDelegate.swift */,
				695858821D91161900ABBE25 /* ViewController.swift */,
				695858841D91161900ABBE25 /* Main.storyboard */,
				6958588A1D91161900ABBE25 /* Assets.xcassets */,
				6958588C1D91161900ABBE25 /* LaunchScreen.storyboard */,
				6958588F1D91161900ABBE25 /* Info.plist */,
				695858871D91161900ABBE25 /* Routify.xcdatamodeld */,
			);
			path = Routify;
			sourceTree = "<group>";
		};
		699EAA301D9129E5005B8327 /* Base.lproj */ = {
			isa = PBXGroup;
			children = (
				699EAA311D9129E5005B8327 /* LaunchScreen.storyboard */,
				699EAA331D9129E5005B8327 /* Main.storyboard */,
			);
			path = Base.lproj;
			sourceTree = "<group>";
		};
		699EAA351D9129E5005B8327 /* CustomClass */ = {
			isa = PBXGroup;
			children = (
				699EAB191D915046005B8327 /* RFNavigationBar.swift */,
			);
			path = CustomClass;
			sourceTree = "<group>";
		};
		699EAA361D9129E5005B8327 /* Managers */ = {
			isa = PBXGroup;
			children = (
			);
			path = Managers;
			sourceTree = "<group>";
		};
		699EAA371D9129E5005B8327 /* Models */ = {
			isa = PBXGroup;
			children = (
			);
			path = Models;
			sourceTree = "<group>";
		};
		699EAA381D9129E5005B8327 /* OpenLibs */ = {
			isa = PBXGroup;
			children = (
			);
			path = OpenLibs;
			sourceTree = "<group>";
		};
		699EAA391D9129E5005B8327 /* ViewControllers */ = {
			isa = PBXGroup;
			children = (
			);
			path = ViewControllers;
			sourceTree = "<group>";
		};
		7F0AC1C7FBDA29EA7160CAEF /* Frameworks */ = {
			isa = PBXGroup;
			children = (
				32C575CADBAE14735140546B /* Pods_Routify.framework */,
			);
			name = Frameworks;
			sourceTree = "<group>";
		};
/* End PBXGroup section */

/* Begin PBXNativeTarget section */
		6958587C1D91161900ABBE25 /* Routify */ = {
			isa = PBXNativeTarget;
			buildConfigurationList = 695858921D91161900ABBE25 /* Build configuration list for PBXNativeTarget "Routify" */;
			buildPhases = (
				AB1ABCF346AAF94C2DCFA64A /* 📦 Check Pods Manifest.lock */,
				695858791D91161900ABBE25 /* Sources */,
				6958587A1D91161900ABBE25 /* Frameworks */,
				6958587B1D91161900ABBE25 /* Resources */,
				42BC94E57FCFA6270BB5F2C9 /* 📦 Embed Pods Frameworks */,
				38AE5793ABFC4D45FECC12B9 /* 📦 Copy Pods Resources */,
			);
			buildRules = (
			);
			dependencies = (
			);
			name = Routify;
			productName = Routify;
			productReference = 6958587D1D91161900ABBE25 /* Routify.app */;
			productType = "com.apple.product-type.application";
		};
/* End PBXNativeTarget section */

/* Begin PBXProject section */
		695858751D91161900ABBE25 /* Project object */ = {
			isa = PBXProject;
			attributes = {
				LastSwiftUpdateCheck = 0730;
				LastUpgradeCheck = 0730;
				ORGANIZATIONNAME = "Trong Nhan Nguyen";
				TargetAttributes = {
					6958587C1D91161900ABBE25 = {
						CreatedOnToolsVersion = 7.3.1;
					};
				};
			};
			buildConfigurationList = 695858781D91161900ABBE25 /* Build configuration list for PBXProject "Routify" */;
			compatibilityVersion = "Xcode 3.2";
			developmentRegion = English;
			hasScannedForEncodings = 0;
			knownRegions = (
				en,
				Base,
			);
			mainGroup = 695858741D91161900ABBE25;
			productRefGroup = 6958587E1D91161900ABBE25 /* Products */;
			projectDirPath = "";
			projectRoot = "";
			targets = (
				6958587C1D91161900ABBE25 /* Routify */,
			);
		};
/* End PBXProject section */

/* Begin PBXResourcesBuildPhase section */
		6958587B1D91161900ABBE25 /* Resources */ = {
			isa = PBXResourcesBuildPhase;
			buildActionMask = 2147483647;
			files = (
				6958588E1D91161900ABBE25 /* LaunchScreen.storyboard in Resources */,
				699EAA3B1D9129E5005B8327 /* Main.storyboard in Resources */,
				699EAA3A1D9129E5005B8327 /* LaunchScreen.storyboard in Resources */,
				6958588B1D91161900ABBE25 /* Assets.xcassets in Resources */,
				695858861D91161900ABBE25 /* Main.storyboard in Resources */,
			);
			runOnlyForDeploymentPostprocessing = 0;
		};
/* End PBXResourcesBuildPhase section */

/* Begin PBXShellScriptBuildPhase section */
		38AE5793ABFC4D45FECC12B9 /* 📦 Copy Pods Resources */ = {
			isa = PBXShellScriptBuildPhase;
			buildActionMask = 2147483647;
			files = (
			);
			inputPaths = (
			);
			name = "📦 Copy Pods Resources";
			outputPaths = (
			);
			runOnlyForDeploymentPostprocessing = 0;
			shellPath = /bin/sh;
			shellScript = "\"${SRCROOT}/Pods/Target Support Files/Pods-Routify/Pods-Routify-resources.sh\"\n";
			showEnvVarsInLog = 0;
		};
		42BC94E57FCFA6270BB5F2C9 /* 📦 Embed Pods Frameworks */ = {
			isa = PBXShellScriptBuildPhase;
			buildActionMask = 2147483647;
			files = (
			);
			inputPaths = (
			);
			name = "📦 Embed Pods Frameworks";
			outputPaths = (
			);
			runOnlyForDeploymentPostprocessing = 0;
			shellPath = /bin/sh;
			shellScript = "\"${SRCROOT}/Pods/Target Support Files/Pods-Routify/Pods-Routify-frameworks.sh\"\n";
			showEnvVarsInLog = 0;
		};
		AB1ABCF346AAF94C2DCFA64A /* 📦 Check Pods Manifest.lock */ = {
			isa = PBXShellScriptBuildPhase;
			buildActionMask = 2147483647;
			files = (
			);
			inputPaths = (
			);
			name = "📦 Check Pods Manifest.lock";
			outputPaths = (
			);
			runOnlyForDeploymentPostprocessing = 0;
			shellPath = /bin/sh;
			shellScript = "diff \"${PODS_ROOT}/../Podfile.lock\" \"${PODS_ROOT}/Manifest.lock\" > /dev/null\nif [[ $? != 0 ]] ; then\n    cat << EOM\nerror: The sandbox is not in sync with the Podfile.lock. Run 'pod install' or update your CocoaPods installation.\nEOM\n    exit 1\nfi\n";
			showEnvVarsInLog = 0;
		};
/* End PBXShellScriptBuildPhase section */

/* Begin PBXSourcesBuildPhase section */
		695858791D91161900ABBE25 /* Sources */ = {
			isa = PBXSourcesBuildPhase;
			buildActionMask = 2147483647;
			files = (
				695858831D91161900ABBE25 /* ViewController.swift in Sources */,
				699EAB1A1D915046005B8327 /* RFNavigationBar.swift in Sources */,
				695858891D91161900ABBE25 /* Routify.xcdatamodeld in Sources */,
				695858811D91161900ABBE25 /* AppDelegate.swift in Sources */,
			);
			runOnlyForDeploymentPostprocessing = 0;
		};
/* End PBXSourcesBuildPhase section */

/* Begin PBXVariantGroup section */
		695858841D91161900ABBE25 /* Main.storyboard */ = {
			isa = PBXVariantGroup;
			children = (
				695858851D91161900ABBE25 /* Base */,
			);
			name = Main.storyboard;
			sourceTree = "<group>";
		};
		6958588C1D91161900ABBE25 /* LaunchScreen.storyboard */ = {
			isa = PBXVariantGroup;
			children = (
				6958588D1D91161900ABBE25 /* Base */,
			);
			name = LaunchScreen.storyboard;
			sourceTree = "<group>";
		};
		699EAA311D9129E5005B8327 /* LaunchScreen.storyboard */ = {
			isa = PBXVariantGroup;
			children = (
				699EAA321D9129E5005B8327 /* Base */,
			);
			name = LaunchScreen.storyboard;
			sourceTree = "<group>";
		};
		699EAA331D9129E5005B8327 /* Main.storyboard */ = {
			isa = PBXVariantGroup;
			children = (
				699EAA341D9129E5005B8327 /* Base */,
			);
			name = Main.storyboard;
			sourceTree = "<group>";
		};
/* End PBXVariantGroup section */

/* Begin XCBuildConfiguration section */
		695858901D91161900ABBE25 /* Debug */ = {
			isa = XCBuildConfiguration;
			buildSettings = {
				ALWAYS_SEARCH_USER_PATHS = NO;
				CLANG_ANALYZER_NONNULL = YES;
				CLANG_CXX_LANGUAGE_STANDARD = "gnu++0x";
				CLANG_CXX_LIBRARY = "libc++";
				CLANG_ENABLE_MODULES = YES;
				CLANG_ENABLE_OBJC_ARC = YES;
				CLANG_WARN_BOOL_CONVERSION = YES;
				CLANG_WARN_CONSTANT_CONVERSION = YES;
				CLANG_WARN_DIRECT_OBJC_ISA_USAGE = YES_ERROR;
				CLANG_WARN_EMPTY_BODY = YES;
				CLANG_WARN_ENUM_CONVERSION = YES;
				CLANG_WARN_INT_CONVERSION = YES;
				CLANG_WARN_OBJC_ROOT_CLASS = YES_ERROR;
				CLANG_WARN_UNREACHABLE_CODE = YES;
				CLANG_WARN__DUPLICATE_METHOD_MATCH = YES;
				"CODE_SIGN_IDENTITY[sdk=iphoneos*]" = "iPhone Developer";
				COPY_PHASE_STRIP = NO;
				DEBUG_INFORMATION_FORMAT = dwarf;
				ENABLE_STRICT_OBJC_MSGSEND = YES;
				ENABLE_TESTABILITY = YES;
				GCC_C_LANGUAGE_STANDARD = gnu99;
				GCC_DYNAMIC_NO_PIC = NO;
				GCC_NO_COMMON_BLOCKS = YES;
				GCC_OPTIMIZATION_LEVEL = 0;
				GCC_PREPROCESSOR_DEFINITIONS = (
					"DEBUG=1",
					"$(inherited)",
				);
				GCC_WARN_64_TO_32_BIT_CONVERSION = YES;
				GCC_WARN_ABOUT_RETURN_TYPE = YES_ERROR;
				GCC_WARN_UNDECLARED_SELECTOR = YES;
				GCC_WARN_UNINITIALIZED_AUTOS = YES_AGGRESSIVE;
				GCC_WARN_UNUSED_FUNCTION = YES;
				GCC_WARN_UNUSED_VARIABLE = YES;
				IPHONEOS_DEPLOYMENT_TARGET = 9.3;
				MTL_ENABLE_DEBUG_INFO = YES;
				ONLY_ACTIVE_ARCH = YES;
				SDKROOT = iphoneos;
				SWIFT_OPTIMIZATION_LEVEL = "-Onone";
				TARGETED_DEVICE_FAMILY = "1,2";
			};
			name = Debug;
		};
		695858911D91161900ABBE25 /* Release */ = {
			isa = XCBuildConfiguration;
			buildSettings = {
				ALWAYS_SEARCH_USER_PATHS = NO;
				CLANG_ANALYZER_NONNULL = YES;
				CLANG_CXX_LANGUAGE_STANDARD = "gnu++0x";
				CLANG_CXX_LIBRARY = "libc++";
				CLANG_ENABLE_MODULES = YES;
				CLANG_ENABLE_OBJC_ARC = YES;
				CLANG_WARN_BOOL_CONVERSION = YES;
				CLANG_WARN_CONSTANT_CONVERSION = YES;
				CLANG_WARN_DIRECT_OBJC_ISA_USAGE = YES_ERROR;
				CLANG_WARN_EMPTY_BODY = YES;
				CLANG_WARN_ENUM_CONVERSION = YES;
				CLANG_WARN_INT_CONVERSION = YES;
				CLANG_WARN_OBJC_ROOT_CLASS = YES_ERROR;
				CLANG_WARN_UNREACHABLE_CODE = YES;
				CLANG_WARN__DUPLICATE_METHOD_MATCH = YES;
				"CODE_SIGN_IDENTITY[sdk=iphoneos*]" = "iPhone Developer";
				COPY_PHASE_STRIP = NO;
				DEBUG_INFORMATION_FORMAT = "dwarf-with-dsym";
				ENABLE_NS_ASSERTIONS = NO;
				ENABLE_STRICT_OBJC_MSGSEND = YES;
				GCC_C_LANGUAGE_STANDARD = gnu99;
				GCC_NO_COMMON_BLOCKS = YES;
				GCC_WARN_64_TO_32_BIT_CONVERSION = YES;
				GCC_WARN_ABOUT_RETURN_TYPE = YES_ERROR;
				GCC_WARN_UNDECLARED_SELECTOR = YES;
				GCC_WARN_UNINITIALIZED_AUTOS = YES_AGGRESSIVE;
				GCC_WARN_UNUSED_FUNCTION = YES;
				GCC_WARN_UNUSED_VARIABLE = YES;
				IPHONEOS_DEPLOYMENT_TARGET = 9.3;
				MTL_ENABLE_DEBUG_INFO = NO;
				SDKROOT = iphoneos;
				TARGETED_DEVICE_FAMILY = "1,2";
				VALIDATE_PRODUCT = YES;
			};
			name = Release;
		};
		695858931D91161900ABBE25 /* Debug */ = {
			isa = XCBuildConfiguration;
			baseConfigurationReference = 97844B21F0E8A14A8624DD22 /* Pods-Routify.debug.xcconfig */;
			buildSettings = {
				ASSETCATALOG_COMPILER_APPICON_NAME = AppIcon;
				INFOPLIST_FILE = Routify/Info.plist;
				LD_RUNPATH_SEARCH_PATHS = "$(inherited) @executable_path/Frameworks";
				PRODUCT_BUNDLE_IDENTIFIER = "NLT-Corp.Routify";
				PRODUCT_NAME = "$(TARGET_NAME)";
			};
			name = Debug;
		};
		695858941D91161900ABBE25 /* Release */ = {
			isa = XCBuildConfiguration;
			baseConfigurationReference = 220C6643F4354114953ADD53 /* Pods-Routify.release.xcconfig */;
			buildSettings = {
				ASSETCATALOG_COMPILER_APPICON_NAME = AppIcon;
				INFOPLIST_FILE = Routify/Info.plist;
				LD_RUNPATH_SEARCH_PATHS = "$(inherited) @executable_path/Frameworks";
				PRODUCT_BUNDLE_IDENTIFIER = "NLT-Corp.Routify";
				PRODUCT_NAME = "$(TARGET_NAME)";
			};
			name = Release;
		};
/* End XCBuildConfiguration section */

/* Begin XCConfigurationList section */
		695858781D91161900ABBE25 /* Build configuration list for PBXProject "Routify" */ = {
			isa = XCConfigurationList;
			buildConfigurations = (
				695858901D91161900ABBE25 /* Debug */,
				695858911D91161900ABBE25 /* Release */,
			);
			defaultConfigurationIsVisible = 0;
			defaultConfigurationName = Release;
		};
		695858921D91161900ABBE25 /* Build configuration list for PBXNativeTarget "Routify" */ = {
			isa = XCConfigurationList;
			buildConfigurations = (
				695858931D91161900ABBE25 /* Debug */,
				695858941D91161900ABBE25 /* Release */,
			);
			defaultConfigurationIsVisible = 0;
			defaultConfigurationName = Release;
		};
/* End XCConfigurationList section */

/* Begin XCVersionGroup section */
		695858871D91161900ABBE25 /* Routify.xcdatamodeld */ = {
			isa = XCVersionGroup;
			children = (
				695858881D91161900ABBE25 /* Routify.xcdatamodel */,
			);
			currentVersion = 695858881D91161900ABBE25 /* Routify.xcdatamodel */;
			path = Routify.xcdatamodeld;
			sourceTree = "<group>";
			versionGroupType = wrapper.xcdatamodel;
		};
/* End XCVersionGroup section */
	};
	rootObject = 695858751D91161900ABBE25 /* Project object */;
}
